// !$*UTF8*$!
{
	archiveVersion = 1;
	classes = {
	};
	objectVersion = 46;
	objects = {

/* Begin PBXBuildFile section */
		09507A271CBF46D5006B57A6 /* main.m in Sources */ = {isa = PBXBuildFile; fileRef = 09507A261CBF46D5006B57A6 /* main.m */; };
		09507A2A1CBF46D5006B57A6 /* AppDelegate.m in Sources */ = {isa = PBXBuildFile; fileRef = 09507A291CBF46D5006B57A6 /* AppDelegate.m */; };
		09507A2D1CBF46D5006B57A6 /* ViewController.m in Sources */ = {isa = PBXBuildFile; fileRef = 09507A2C1CBF46D5006B57A6 /* ViewController.m */; };
		09507A301CBF46D5006B57A6 /* Main.storyboard in Resources */ = {isa = PBXBuildFile; fileRef = 09507A2E1CBF46D5006B57A6 /* Main.storyboard */; };
		09507A321CBF46D5006B57A6 /* Assets.xcassets in Resources */ = {isa = PBXBuildFile; fileRef = 09507A311CBF46D5006B57A6 /* Assets.xcassets */; };
		09507A351CBF46D5006B57A6 /* LaunchScreen.storyboard in Resources */ = {isa = PBXBuildFile; fileRef = 09507A331CBF46D5006B57A6 /* LaunchScreen.storyboard */; };
		09507A401CBF46D6006B57A6 /* Gjkm_AltreViewTests.m in Sources */ = {isa = PBXBuildFile; fileRef = 09507A3F1CBF46D6006B57A6 /* Gjkm_AltreViewTests.m */; };
		09507A4B1CBF46D6006B57A6 /* Gjkm_AltreViewUITests.m in Sources */ = {isa = PBXBuildFile; fileRef = 09507A4A1CBF46D6006B57A6 /* Gjkm_AltreViewUITests.m */; };
		09507A5A1CBF4732006B57A6 /* GAlertView.m in Sources */ = {isa = PBXBuildFile; fileRef = 09507A591CBF4732006B57A6 /* GAlertView.m */; };
/* End PBXBuildFile section */

/* Begin PBXContainerItemProxy section */
		09507A3C1CBF46D6006B57A6 /* PBXContainerItemProxy */ = {
			isa = PBXContainerItemProxy;
			containerPortal = 09507A1A1CBF46D5006B57A6 /* Project object */;
			proxyType = 1;
			remoteGlobalIDString = 09507A211CBF46D5006B57A6;
			remoteInfo = Gjkm_AltreView;
		};
		09507A471CBF46D6006B57A6 /* PBXContainerItemProxy */ = {
			isa = PBXContainerItemProxy;
			containerPortal = 09507A1A1CBF46D5006B57A6 /* Project object */;
			proxyType = 1;
			remoteGlobalIDString = 09507A211CBF46D5006B57A6;
			remoteInfo = Gjkm_AltreView;
		};
/* End PBXContainerItemProxy section */

/* Begin PBXFileReference section */
		09507A221CBF46D5006B57A6 /* Gjkm_AltreView.app */ = {isa = PBXFileReference; explicitFileType = wrapper.application; includeInIndex = 0; path = Gjkm_AltreView.app; sourceTree = BUILT_PRODUCTS_DIR; };
		09507A261CBF46D5006B57A6 /* main.m */ = {isa = PBXFileReference; lastKnownFileType = sourcecode.c.objc; path = main.m; sourceTree = "<group>"; };
		09507A281CBF46D5006B57A6 /* AppDelegate.h */ = {isa = PBXFileReference; lastKnownFileType = sourcecode.c.h; path = AppDelegate.h; sourceTree = "<group>"; };
		09507A291CBF46D5006B57A6 /* AppDelegate.m */ = {isa = PBXFileReference; lastKnownFileType = sourcecode.c.objc; path = AppDelegate.m; sourceTree = "<group>"; };
		09507A2B1CBF46D5006B57A6 /* ViewController.h */ = {isa = PBXFileReference; lastKnownFileType = sourcecode.c.h; path = ViewController.h; sourceTree = "<group>"; };
		09507A2C1CBF46D5006B57A6 /* ViewController.m */ = {isa = PBXFileReference; lastKnownFileType = sourcecode.c.objc; path = ViewController.m; sourceTree = "<group>"; };
		09507A2F1CBF46D5006B57A6 /* Base */ = {isa = PBXFileReference; lastKnownFileType = file.storyboard; name = Base; path = Base.lproj/Main.storyboard; sourceTree = "<group>"; };
		09507A311CBF46D5006B57A6 /* Assets.xcassets */ = {isa = PBXFileReference; lastKnownFileType = folder.assetcatalog; path = Assets.xcassets; sourceTree = "<group>"; };
		09507A341CBF46D5006B57A6 /* Base */ = {isa = PBXFileReference; lastKnownFileType = file.storyboard; name = Base; path = Base.lproj/LaunchScreen.storyboard; sourceTree = "<group>"; };
		09507A361CBF46D6006B57A6 /* Info.plist */ = {isa = PBXFileReference; lastKnownFileType = text.plist.xml; path = Info.plist; sourceTree = "<group>"; };
		09507A3B1CBF46D6006B57A6 /* Gjkm_AltreViewTests.xctest */ = {isa = PBXFileReference; explicitFileType = wrapper.cfbundle; includeInIndex = 0; path = Gjkm_AltreViewTests.xctest; sourceTree = BUILT_PRODUCTS_DIR; };
		09507A3F1CBF46D6006B57A6 /* Gjkm_AltreViewTests.m */ = {isa = PBXFileReference; lastKnownFileType = sourcecode.c.objc; path = Gjkm_AltreViewTests.m; sourceTree = "<group>"; };
		09507A411CBF46D6006B57A6 /* Info.plist */ = {isa = PBXFileReference; lastKnownFileType = text.plist.xml; path = Info.plist; sourceTree = "<group>"; };
		09507A461CBF46D6006B57A6 /* Gjkm_AltreViewUITests.xctest */ = {isa = PBXFileReference; explicitFileType = wrapper.cfbundle; includeInIndex = 0; path = Gjkm_AltreViewUITests.xctest; sourceTree = BUILT_PRODUCTS_DIR; };
		09507A4A1CBF46D6006B57A6 /* Gjkm_AltreViewUITests.m */ = {isa = PBXFileReference; lastKnownFileType = sourcecode.c.objc; path = Gjkm_AltreViewUITests.m; sourceTree = "<group>"; };
		09507A4C1CBF46D6006B57A6 /* Info.plist */ = {isa = PBXFileReference; lastKnownFileType = text.plist.xml; path = Info.plist; sourceTree = "<group>"; };
		09507A581CBF4732006B57A6 /* GAlertView.h */ = {isa = PBXFileReference; fileEncoding = 4; lastKnownFileType = sourcecode.c.h; path = GAlertView.h; sourceTree = "<group>"; };
		09507A591CBF4732006B57A6 /* GAlertView.m */ = {isa = PBXFileReference; fileEncoding = 4; lastKnownFileType = sourcecode.c.objc; path = GAlertView.m; sourceTree = "<group>"; };
/* End PBXFileReference section */

/* Begin PBXFrameworksBuildPhase section */
		09507A1F1CBF46D5006B57A6 /* Frameworks */ = {
			isa = PBXFrameworksBuildPhase;
			buildActionMask = 2147483647;
			files = (
			);
			runOnlyForDeploymentPostprocessing = 0;
		};
		09507A381CBF46D6006B57A6 /* Frameworks */ = {
			isa = PBXFrameworksBuildPhase;
			buildActionMask = 2147483647;
			files = (
			);
			runOnlyForDeploymentPostprocessing = 0;
		};
		09507A431CBF46D6006B57A6 /* Frameworks */ = {
			isa = PBXFrameworksBuildPhase;
			buildActionMask = 2147483647;
			files = (
			);
			runOnlyForDeploymentPostprocessing = 0;
		};
/* End PBXFrameworksBuildPhase section */

/* Begin PBXGroup section */
		09507A191CBF46D5006B57A6 = {
			isa = PBXGroup;
			children = (
				09507A241CBF46D5006B57A6 /* Gjkm_AltreView */,
				09507A3E1CBF46D6006B57A6 /* Gjkm_AltreViewTests */,
				09507A491CBF46D6006B57A6 /* Gjkm_AltreViewUITests */,
				09507A231CBF46D5006B57A6 /* Products */,
			);
			sourceTree = "<group>";
		};
		09507A231CBF46D5006B57A6 /* Products */ = {
			isa = PBXGroup;
			children = (
				09507A221CBF46D5006B57A6 /* Gjkm_AltreView.app */,
				09507A3B1CBF46D6006B57A6 /* Gjkm_AltreViewTests.xctest */,
				09507A461CBF46D6006B57A6 /* Gjkm_AltreViewUITests.xctest */,
			);
			name = Products;
			sourceTree = "<group>";
		};
		09507A241CBF46D5006B57A6 /* Gjkm_AltreView */ = {
			isa = PBXGroup;
			children = (
				09507A581CBF4732006B57A6 /* GAlertView.h */,
				09507A591CBF4732006B57A6 /* GAlertView.m */,
				09507A281CBF46D5006B57A6 /* AppDelegate.h */,
				09507A291CBF46D5006B57A6 /* AppDelegate.m */,
				09507A2B1CBF46D5006B57A6 /* ViewController.h */,
				09507A2C1CBF46D5006B57A6 /* ViewController.m */,
				09507A2E1CBF46D5006B57A6 /* Main.storyboard */,
				09507A311CBF46D5006B57A6 /* Assets.xcassets */,
				09507A331CBF46D5006B57A6 /* LaunchScreen.storyboard */,
				09507A361CBF46D6006B57A6 /* Info.plist */,
				09507A251CBF46D5006B57A6 /* Supporting Files */,
			);
			path = Gjkm_AltreView;
			sourceTree = "<group>";
		};
		09507A251CBF46D5006B57A6 /* Supporting Files */ = {
			isa = PBXGroup;
			children = (
				09507A261CBF46D5006B57A6 /* main.m */,
			);
			name = "Supporting Files";
			sourceTree = "<group>";
		};
		09507A3E1CBF46D6006B57A6 /* Gjkm_AltreViewTests */ = {
			isa = PBXGroup;
			children = (
				09507A3F1CBF46D6006B57A6 /* Gjkm_AltreViewTests.m */,
				09507A411CBF46D6006B57A6 /* Info.plist */,
			);
			path = Gjkm_AltreViewTests;
			sourceTree = "<group>";
		};
		09507A491CBF46D6006B57A6 /* Gjkm_AltreViewUITests */ = {
			isa = PBXGroup;
			children = (
				09507A4A1CBF46D6006B57A6 /* Gjkm_AltreViewUITests.m */,
				09507A4C1CBF46D6006B57A6 /* Info.plist */,
			);
			path = Gjkm_AltreViewUITests;
			sourceTree = "<group>";
		};
/* End PBXGroup section */

/* Begin PBXNativeTarget section */
		09507A211CBF46D5006B57A6 /* Gjkm_AltreView */ = {
			isa = PBXNativeTarget;
			buildConfigurationList = 09507A4F1CBF46D6006B57A6 /* Build configuration list for PBXNativeTarget "Gjkm_AltreView" */;
			buildPhases = (
				09507A1E1CBF46D5006B57A6 /* Sources */,
				09507A1F1CBF46D5006B57A6 /* Frameworks */,
				09507A201CBF46D5006B57A6 /* Resources */,
			);
			buildRules = (
			);
			dependencies = (
			);
			name = Gjkm_AltreView;
			productName = Gjkm_AltreView;
			productReference = 09507A221CBF46D5006B57A6 /* Gjkm_AltreView.app */;
			productType = "com.apple.product-type.application";
		};
		09507A3A1CBF46D6006B57A6 /* Gjkm_AltreViewTests */ = {
			isa = PBXNativeTarget;
			buildConfigurationList = 09507A521CBF46D6006B57A6 /* Build configuration list for PBXNativeTarget "Gjkm_AltreViewTests" */;
			buildPhases = (
				09507A371CBF46D6006B57A6 /* Sources */,
				09507A381CBF46D6006B57A6 /* Frameworks */,
				09507A391CBF46D6006B57A6 /* Resources */,
			);
			buildRules = (
			);
			dependencies = (
				09507A3D1CBF46D6006B57A6 /* PBXTargetDependency */,
			);
			name = Gjkm_AltreViewTests;
			productName = Gjkm_AltreViewTests;
			productReference = 09507A3B1CBF46D6006B57A6 /* Gjkm_AltreViewTests.xctest */;
			productType = "com.apple.product-type.bundle.unit-test";
		};
		09507A451CBF46D6006B57A6 /* Gjkm_AltreViewUITests */ = {
			isa = PBXNativeTarget;
			buildConfigurationList = 09507A551CBF46D6006B57A6 /* Build configuration list for PBXNativeTarget "Gjkm_AltreViewUITests" */;
			buildPhases = (
				09507A421CBF46D6006B57A6 /* Sources */,
				09507A431CBF46D6006B57A6 /* Frameworks */,
				09507A441CBF46D6006B57A6 /* Resources */,
			);
			buildRules = (
			);
			dependencies = (
				09507A481CBF46D6006B57A6 /* PBXTargetDependency */,
			);
			name = Gjkm_AltreViewUITests;
			productName = Gjkm_AltreViewUITests;
			productReference = 09507A461CBF46D6006B57A6 /* Gjkm_AltreViewUITests.xctest */;
			productType = "com.apple.product-type.bundle.ui-testing";
		};
/* End PBXNativeTarget section */

/* Begin PBXProject section */
		09507A1A1CBF46D5006B57A6 /* Project object */ = {
			isa = PBXProject;
			attributes = {
				LastUpgradeCheck = 0730;
				ORGANIZATIONNAME = "Gj k m";
				TargetAttributes = {
					09507A211CBF46D5006B57A6 = {
						CreatedOnToolsVersion = 7.3;
					};
					09507A3A1CBF46D6006B57A6 = {
						CreatedOnToolsVersion = 7.3;
						TestTargetID = 09507A211CBF46D5006B57A6;
					};
					09507A451CBF46D6006B57A6 = {
						CreatedOnToolsVersion = 7.3;
						TestTargetID = 09507A211CBF46D5006B57A6;
					};
				};
			};
			buildConfigurationList = 09507A1D1CBF46D5006B57A6 /* Build configuration list for PBXProject "Gjkm_AltreView" */;
			compatibilityVersion = "Xcode 3.2";
			developmentRegion = English;
			hasScannedForEncodings = 0;
			knownRegions = (
				en,
				Base,
			);
			mainGroup = 09507A191CBF46D5006B57A6;
			productRefGroup = 09507A231CBF46D5006B57A6 /* Products */;
			projectDirPath = "";
			projectRoot = "";
			targets = (
				09507A211CBF46D5006B57A6 /* Gjkm_AltreView */,
				09507A3A1CBF46D6006B57A6 /* Gjkm_AltreViewTests */,
				09507A451CBF46D6006B57A6 /* Gjkm_AltreViewUITests */,
			);
		};
/* End PBXProject section */

/* Begin PBXResourcesBuildPhase section */
		09507A201CBF46D5006B57A6 /* Resources */ = {
			isa = PBXResourcesBuildPhase;
			buildActionMask = 2147483647;
			files = (
				09507A351CBF46D5006B57A6 /* LaunchScreen.storyboard in Resources */,
				09507A321CBF46D5006B57A6 /* Assets.xcassets in Resources */,
				09507A301CBF46D5006B57A6 /* Main.storyboard in Resources */,
			);
			runOnlyForDeploymentPostprocessing = 0;
		};
		09507A391CBF46D6006B57A6 /* Resources */ = {
			isa = PBXResourcesBuildPhase;
			buildActionMask = 2147483647;
			files = (
			);
			runOnlyForDeploymentPostprocessing = 0;
		};
		09507A441CBF46D6006B57A6 /* Resources */ = {
			isa = PBXResourcesBuildPhase;
			buildActionMask = 2147483647;
			files = (
			);
			runOnlyForDeploymentPostprocessing = 0;
		};
/* End PBXResourcesBuildPhase section */

/* Begin PBXSourcesBuildPhase section */
		09507A1E1CBF46D5006B57A6 /* Sources */ = {
			isa = PBXSourcesBuildPhase;
			buildActionMask = 2147483647;
			files = (
				09507A2D1CBF46D5006B57A6 /* ViewController.m in Sources */,
				09507A2A1CBF46D5006B57A6 /* AppDelegate.m in Sources */,
				09507A5A1CBF4732006B57A6 /* GAlertView.m in Sources */,
				09507A271CBF46D5006B57A6 /* main.m in Sources */,
			);
			runOnlyForDeploymentPostprocessing = 0;
		};
		09507A371CBF46D6006B57A6 /* Sources */ = {
			isa = PBXSourcesBuildPhase;
			buildActionMask = 2147483647;
			files = (
				09507A401CBF46D6006B57A6 /* Gjkm_AltreViewTests.m in Sources */,
			);
			runOnlyForDeploymentPostprocessing = 0;
		};
		09507A421CBF46D6006B57A6 /* Sources */ = {
			isa = PBXSourcesBuildPhase;
			buildActionMask = 2147483647;
			files = (
				09507A4B1CBF46D6006B57A6 /* Gjkm_AltreViewUITests.m in Sources */,
			);
			runOnlyForDeploymentPostprocessing = 0;
		};
/* End PBXSourcesBuildPhase section */

/* Begin PBXTargetDependency section */
		09507A3D1CBF46D6006B57A6 /* PBXTargetDependency */ = {
			isa = PBXTargetDependency;
			target = 09507A211CBF46D5006B57A6 /* Gjkm_AltreView */;
			targetProxy = 09507A3C1CBF46D6006B57A6 /* PBXContainerItemProxy */;
		};
		09507A481CBF46D6006B57A6 /* PBXTargetDependency */ = {
			isa = PBXTargetDependency;
			target = 09507A211CBF46D5006B57A6 /* Gjkm_AltreView */;
			targetProxy = 09507A471CBF46D6006B57A6 /* PBXContainerItemProxy */;
		};
/* End PBXTargetDependency section */

/* Begin PBXVariantGroup section */
		09507A2E1CBF46D5006B57A6 /* Main.storyboard */ = {
			isa = PBXVariantGroup;
			children = (
				09507A2F1CBF46D5006B57A6 /* Base */,
			);
			name = Main.storyboard;
			sourceTree = "<group>";
		};
		09507A331CBF46D5006B57A6 /* LaunchScreen.storyboard */ = {
			isa = PBXVariantGroup;
			children = (
				09507A341CBF46D5006B57A6 /* Base */,
			);
			name = LaunchScreen.storyboard;
			sourceTree = "<group>";
		};
/* End PBXVariantGroup section */

/* Begin XCBuildConfiguration section */
		09507A4D1CBF46D6006B57A6 /* Debug */ = {
			isa = XCBuildConfiguration;
			buildSettings = {
				ALWAYS_SEARCH_USER_PATHS = NO;
				CLANG_ANALYZER_NONNULL = YES;
				CLANG_CXX_LANGUAGE_STANDARD = "gnu++0x";
				CLANG_CXX_LIBRARY = "libc++";
				CLANG_ENABLE_MODULES = YES;
				CLANG_ENABLE_OBJC_ARC = YES;
				CLANG_WARN_BOOL_CONVERSION = YES;
				CLANG_WARN_CONSTANT_CONVERSION = YES;
				CLANG_WARN_DIRECT_OBJC_ISA_USAGE = YES_ERROR;
				CLANG_WARN_EMPTY_BODY = YES;
				CLANG_WARN_ENUM_CONVERSION = YES;
				CLANG_WARN_INT_CONVERSION = YES;
				CLANG_WARN_OBJC_ROOT_CLASS = YES_ERROR;
				CLANG_WARN_UNREACHABLE_CODE = YES;
				CLANG_WARN__DUPLICATE_METHOD_MATCH = YES;
				"CODE_SIGN_IDENTITY[sdk=iphoneos*]" = "iPhone Developer";
				COPY_PHASE_STRIP = NO;
				DEBUG_INFORMATION_FORMAT = dwarf;
				ENABLE_STRICT_OBJC_MSGSEND = YES;
				ENABLE_TESTABILITY = YES;
				GCC_C_LANGUAGE_STANDARD = gnu99;
				GCC_DYNAMIC_NO_PIC = NO;
				GCC_NO_COMMON_BLOCKS = YES;
				GCC_OPTIMIZATION_LEVEL = 0;
				GCC_PREPROCESSOR_DEFINITIONS = (
					"DEBUG=1",
					"$(inherited)",
				);
				GCC_WARN_64_TO_32_BIT_CONVERSION = YES;
				GCC_WARN_ABOUT_RETURN_TYPE = YES_ERROR;
				GCC_WARN_UNDECLARED_SELECTOR = YES;
				GCC_WARN_UNINITIALIZED_AUTOS = YES_AGGRESSIVE;
				GCC_WARN_UNUSED_FUNCTION = YES;
				GCC_WARN_UNUSED_VARIABLE = YES;
				IPHONEOS_DEPLOYMENT_TARGET = 9.3;
				MTL_ENABLE_DEBUG_INFO = YES;
				ONLY_ACTIVE_ARCH = YES;
				SDKROOT = iphoneos;
				TARGETED_DEVICE_FAMILY = "1,2";
			};
			name = Debug;
		};
		09507A4E1CBF46D6006B57A6 /* Release */ = {
			isa = XCBuildConfiguration;
			buildSettings = {
				ALWAYS_SEARCH_USER_PATHS = NO;
				CLANG_ANALYZER_NONNULL = YES;
				CLANG_CXX_LANGUAGE_STANDARD = "gnu++0x";
				CLANG_CXX_LIBRARY = "libc++";
				CLANG_ENABLE_MODULES = YES;
				CLANG_ENABLE_OBJC_ARC = YES;
				CLANG_WARN_BOOL_CONVERSION = YES;
				CLANG_WARN_CONSTANT_CONVERSION = YES;
				CLANG_WARN_DIRECT_OBJC_ISA_USAGE = YES_ERROR;
				CLANG_WARN_EMPTY_BODY = YES;
				CLANG_WARN_ENUM_CONVERSION = YES;
				CLANG_WARN_INT_CONVERSION = YES;
				CLANG_WARN_OBJC_ROOT_CLASS = YES_ERROR;
				CLANG_WARN_UNREACHABLE_CODE = YES;
				CLANG_WARN__DUPLICATE_METHOD_MATCH = YES;
				"CODE_SIGN_IDENTITY[sdk=iphoneos*]" = "iPhone Developer";
				COPY_PHASE_STRIP = NO;
				DEBUG_INFORMATION_FORMAT = "dwarf-with-dsym";
				ENABLE_NS_ASSERTIONS = NO;
				ENABLE_STRICT_OBJC_MSGSEND = YES;
				GCC_C_LANGUAGE_STANDARD = gnu99;
				GCC_NO_COMMON_BLOCKS = YES;
				GCC_WARN_64_TO_32_BIT_CONVERSION = YES;
				GCC_WARN_ABOUT_RETURN_TYPE = YES_ERROR;
				GCC_WARN_UNDECLARED_SELECTOR = YES;
				GCC_WARN_UNINITIALIZED_AUTOS = YES_AGGRESSIVE;
				GCC_WARN_UNUSED_FUNCTION = YES;
				GCC_WARN_UNUSED_VARIABLE = YES;
				IPHONEOS_DEPLOYMENT_TARGET = 9.3;
				MTL_ENABLE_DEBUG_INFO = NO;
				SDKROOT = iphoneos;
				TARGETED_DEVICE_FAMILY = "1,2";
				VALIDATE_PRODUCT = YES;
			};
			name = Release;
		};
		09507A501CBF46D6006B57A6 /* Debug */ = {
			isa = XCBuildConfiguration;
			buildSettings = {
				ASSETCATALOG_COMPILER_APPICON_NAME = AppIcon;
				INFOPLIST_FILE = Gjkm_AltreView/Info.plist;
				LD_RUNPATH_SEARCH_PATHS = "$(inherited) @executable_path/Frameworks";
				PRODUCT_BUNDLE_IDENTIFIER = "com.person.Gjkm-AltreView";
				PRODUCT_NAME = "$(TARGET_NAME)";
			};
			name = Debug;
		};
		09507A511CBF46D6006B57A6 /* Release */ = {
			isa = XCBuildConfiguration;
			buildSettings = {
				ASSETCATALOG_COMPILER_APPICON_NAME = AppIcon;
				INFOPLIST_FILE = Gjkm_AltreView/Info.plist;
				LD_RUNPATH_SEARCH_PATHS = "$(inherited) @executable_path/Frameworks";
				PRODUCT_BUNDLE_IDENTIFIER = "com.person.Gjkm-AltreView";
				PRODUCT_NAME = "$(TARGET_NAME)";
			};
			name = Release;
		};
		09507A531CBF46D6006B57A6 /* Debug */ = {
			isa = XCBuildConfiguration;
			buildSettings = {
				BUNDLE_LOADER = "$(TEST_HOST)";
				INFOPLIST_FILE = Gjkm_AltreViewTests/Info.plist;
				LD_RUNPATH_SEARCH_PATHS = "$(inherited) @executable_path/Frameworks @loader_path/Frameworks";
				PRODUCT_BUNDLE_IDENTIFIER = "com.person.Gjkm-AltreViewTests";
				PRODUCT_NAME = "$(TARGET_NAME)";
				TEST_HOST = "$(BUILT_PRODUCTS_DIR)/Gjkm_AltreView.app/Gjkm_AltreView";
			};
			name = Debug;
		};
		09507A541CBF46D6006B57A6 /* Release */ = {
			isa = XCBuildConfiguration;
			buildSettings = {
				BUNDLE_LOADER = "$(TEST_HOST)";
				INFOPLIST_FILE = Gjkm_AltreViewTests/Info.plist;
				LD_RUNPATH_SEARCH_PATHS = "$(inherited) @executable_path/Frameworks @loader_path/Frameworks";
				PRODUCT_BUNDLE_IDENTIFIER = "com.person.Gjkm-AltreViewTests";
				PRODUCT_NAME = "$(TARGET_NAME)";
				TEST_HOST = "$(BUILT_PRODUCTS_DIR)/Gjkm_AltreView.app/Gjkm_AltreView";
			};
			name = Release;
		};
		09507A561CBF46D6006B57A6 /* Debug */ = {
			isa = XCBuildConfiguration;
			buildSettings = {
				INFOPLIST_FILE = Gjkm_AltreViewUITests/Info.plist;
				LD_RUNPATH_SEARCH_PATHS = "$(inherited) @executable_path/Frameworks @loader_path/Frameworks";
				PRODUCT_BUNDLE_IDENTIFIER = "com.person.Gjkm-AltreViewUITests";
				PRODUCT_NAME = "$(TARGET_NAME)";
				TEST_TARGET_NAME = Gjkm_AltreView;
			};
			name = Debug;
		};
		09507A571CBF46D6006B57A6 /* Release */ = {
			isa = XCBuildConfiguration;
			buildSettings = {
				INFOPLIST_FILE = Gjkm_AltreViewUITests/Info.plist;
				LD_RUNPATH_SEARCH_PATHS = "$(inherited) @executable_path/Frameworks @loader_path/Frameworks";
				PRODUCT_BUNDLE_IDENTIFIER = "com.person.Gjkm-AltreViewUITests";
				PRODUCT_NAME = "$(TARGET_NAME)";
				TEST_TARGET_NAME = Gjkm_AltreView;
			};
			name = Release;
		};
/* End XCBuildConfiguration section */

/* Begin XCConfigurationList section */
		09507A1D1CBF46D5006B57A6 /* Build configuration list for PBXProject "Gjkm_AltreView" */ = {
			isa = XCConfigurationList;
			buildConfigurations = (
				09507A4D1CBF46D6006B57A6 /* Debug */,
				09507A4E1CBF46D6006B57A6 /* Release */,
			);
			defaultConfigurationIsVisible = 0;
			defaultConfigurationName = Release;
		};
		09507A4F1CBF46D6006B57A6 /* Build configuration list for PBXNativeTarget "Gjkm_AltreView" */ = {
			isa = XCConfigurationList;
			buildConfigurations = (
				09507A501CBF46D6006B57A6 /* Debug */,
				09507A511CBF46D6006B57A6 /* Release */,
			);
			defaultConfigurationIsVisible = 0;
		};
		09507A521CBF46D6006B57A6 /* Build configuration list for PBXNativeTarget "Gjkm_AltreViewTests" */ = {
			isa = XCConfigurationList;
			buildConfigurations = (
				09507A531CBF46D6006B57A6 /* Debug */,
				09507A541CBF46D6006B57A6 /* Release */,
			);
			defaultConfigurationIsVisible = 0;
		};
		09507A551CBF46D6006B57A6 /* Build configuration list for PBXNativeTarget "Gjkm_AltreViewUITests" */ = {
			isa = XCConfigurationList;
			buildConfigurations = (
				09507A561CBF46D6006B57A6 /* Debug */,
				09507A571CBF46D6006B57A6 /* Release */,
			);
			defaultConfigurationIsVisible = 0;
		};
/* End XCConfigurationList section */
	};
	rootObject = 09507A1A1CBF46D5006B57A6 /* Project object */;
}
